
Microsoft Visual Studio Solution File, Format Version 12.00
# Visual Studio Version 16
VisualStudioVersion = 16.0.34031.81
MinimumVisualStudioVersion = 10.0.40219.1
Project("{9A19103F-16F7-4668-BE54-9A1E7A4F7556}") = "DapperDataAccessLayer", "DapperDataAccessLayer\DapperDataAccessLayer.csproj", "{CF1FFD3B-331D-4813-A120-F02AA7F42B7B}"
EndProject
Project("{9A19103F-16F7-4668-BE54-9A1E7A4F7556}") = "MobileDetails.API", "MobileDetails\MobileDetails.API.csproj", "{87BB73CB-DF9D-48DB-8DEC-40F8BCFF938F}"
EndProject
Global
	GlobalSection(SolutionConfigurationPlatforms) = preSolution
		Debug|Any CPU = Debug|Any CPU
		Release|Any CPU = Release|Any CPU
	EndGlobalSection
	GlobalSection(ProjectConfigurationPlatforms) = postSolution
		{CF1FFD3B-331D-4813-A120-F02AA7F42B7B}.Debug|Any CPU.ActiveCfg = Debug|Any CPU
		{CF1FFD3B-331D-4813-A120-F02AA7F42B7B}.Debug|Any CPU.Build.0 = Debug|Any CPU
		{CF1FFD3B-331D-4813-A120-F02AA7F42B7B}.Release|Any CPU.ActiveCfg = Release|Any CPU
		{CF1FFD3B-331D-4813-A120-F02AA7F42B7B}.Release|Any CPU.Build.0 = Release|Any CPU
		{87BB73CB-DF9D-48DB-8DEC-40F8BCFF938F}.Debug|Any CPU.ActiveCfg = Debug|Any CPU
		{87BB73CB-DF9D-48DB-8DEC-40F8BCFF938F}.Debug|Any CPU.Build.0 = Debug|Any CPU
		{87BB73CB-DF9D-48DB-8DEC-40F8BCFF938F}.Release|Any CPU.ActiveCfg = Release|Any CPU
		{87BB73CB-DF9D-48DB-8DEC-40F8BCFF938F}.Release|Any CPU.Build.0 = Release|Any CPU
	EndGlobalSection
	GlobalSection(SolutionProperties) = preSolution
		HideSolutionNode = FALSE
	EndGlobalSection
	GlobalSection(ExtensibilityGlobals) = postSolution
		SolutionGuid = {47633CE5-98CF-4B2E-8CD1-CBDB70876186}
	EndGlobalSection
EndGlobal
